# THIS IS AN AUTOGENERATED FILE. DO NOT EDIT THIS FILE DIRECTLY.
# yarn lockfile v1


"@octokit/endpoint@^7.0.0":
  version "7.0.5"
  resolved "https://registry.yarnpkg.com/@octokit/endpoint/-/endpoint-7.0.5.tgz#2bb2a911c12c50f10014183f5d596ce30ac67dd1"
  integrity sha512-LG4o4HMY1Xoaec87IqQ41TQ+glvIeTKqfjkCEmt5AIwDZJwQeVZFIEYXrYY6yLwK+pAScb9Gj4q+Nz2qSw1roA==
  dependencies:
    "@octokit/types" "^9.0.0"
    is-plain-object "^5.0.0"
    universal-user-agent "^6.0.0"

"@octokit/graphql@^5.0.5":
  version "5.0.5"
  resolved "https://registry.yarnpkg.com/@octokit/graphql/-/graphql-5.0.5.tgz#a4cb3ea73f83b861893a6370ee82abb36e81afd2"
  integrity sha512-Qwfvh3xdqKtIznjX9lz2D458r7dJPP8l6r4GQkIdWQouZwHQK0mVT88uwiU2bdTU2OtT1uOlKpRciUWldpG0yQ==
  dependencies:
    "@octokit/request" "^6.0.0"
    "@octokit/types" "^9.0.0"
    universal-user-agent "^6.0.0"

"@octokit/openapi-types@^17.1.0":
  version "17.1.0"
  resolved "https://registry.yarnpkg.com/@octokit/openapi-types/-/openapi-types-17.1.0.tgz#9a712b5bb9d644940d8a1f24115c798c317a64a5"
  integrity sha512-rnI26BAITDZTo5vqFOmA7oX4xRd18rO+gcK4MiTpJmsRMxAw0JmevNjPsjpry1bb9SVNo56P/0kbiyXXa4QluA==

"@octokit/request-error@^3.0.0":
  version "3.0.3"
  resolved "https://registry.yarnpkg.com/@octokit/request-error/-/request-error-3.0.3.tgz#ef3dd08b8e964e53e55d471acfe00baa892b9c69"
  integrity sha512-crqw3V5Iy2uOU5Np+8M/YexTlT8zxCfI+qu+LxUB7SZpje4Qmx3mub5DfEKSO8Ylyk0aogi6TYdf6kxzh2BguQ==
  dependencies:
    "@octokit/types" "^9.0.0"
    deprecation "^2.0.0"
    once "^1.4.0"

"@octokit/request@^6.0.0":
  version "6.2.3"
  resolved "https://registry.yarnpkg.com/@octokit/request/-/request-6.2.3.tgz#76d5d6d44da5c8d406620a4c285d280ae310bdb4"
  integrity sha512-TNAodj5yNzrrZ/VxP+H5HiYaZep0H3GU0O7PaF+fhDrt8FPrnkei9Aal/txsN/1P7V3CPiThG0tIvpPDYUsyAA==
  dependencies:
    "@octokit/endpoint" "^7.0.0"
    "@octokit/request-error" "^3.0.0"
    "@octokit/types" "^9.0.0"
    is-plain-object "^5.0.0"
    node-fetch "^2.6.7"
    universal-user-agent "^6.0.0"

"@octokit/types@^9.0.0":
  version "9.2.0"
  resolved "https://registry.yarnpkg.com/@octokit/types/-/types-9.2.0.tgz#0358e3de070b1d43c5a8af63b9951c88a09fc9ed"
  integrity sha512-xySzJG4noWrIBFyMu4lg4tu9vAgNg9S0aoLRONhAEz6ueyi1evBzb40HitIosaYS4XOexphG305IVcLrIX/30g==
  dependencies:
    "@octokit/openapi-types" "^17.1.0"

"@types/node@^20.0.0":
  version "20.0.0"
  resolved "https://registry.yarnpkg.com/@types/node/-/node-20.0.0.tgz#081d9afd28421be956c1a47ced1c9a0034b467e2"
  integrity sha512-cD2uPTDnQQCVpmRefonO98/PPijuOnnEy5oytWJFPY1N9aJCz2wJ5kSGWO+zJoed2cY2JxQh6yBuUq4vIn61hw==

deprecation@^2.0.0:
  version "2.3.1"
  resolved "https://registry.yarnpkg.com/deprecation/-/deprecation-2.3.1.tgz#6368cbdb40abf3373b525ac87e4a260c3a700919"
  integrity sha512-xmHIy4F3scKVwMsQ4WnVaS8bHOx0DmVwRywosKhaILI0ywMDWPtBSku2HNxRvF7jtwDRsoEwYQSfbxj8b7RlJQ==

dotenv@^16.0.3:
  version "16.0.3"
  resolved "https://registry.yarnpkg.com/dotenv/-/dotenv-16.0.3.tgz#115aec42bac5053db3c456db30cc243a5a836a07"
  integrity sha512-7GO6HghkA5fYG9TYnNxi14/7K9f5occMlp3zXAuSxn7CKCxt9xbNWG7yF8hTCSUchlfWSe3uLmlPfigevRItzQ==

is-plain-object@^5.0.0:
  version "5.0.0"
  resolved "https://registry.yarnpkg.com/is-plain-object/-/is-plain-object-5.0.0.tgz#4427f50ab3429e9025ea7d52e9043a9ef4159344"
  integrity sha512-VRSzKkbMm5jMDoKLbltAkFQ5Qr7VDiTFGXxYFXXowVj387GeGNOCsOH6Msy00SGZ3Fp84b1Naa1psqgcCIEP5Q==

node-fetch@^2.6.7:
  version "2.6.9"
  resolved "https://registry.yarnpkg.com/node-fetch/-/node-fetch-2.6.9.tgz#7c7f744b5cc6eb5fd404e0c7a9fec630a55657e6"
  integrity sha512-DJm/CJkZkRjKKj4Zi4BsKVZh3ValV5IR5s7LVZnW+6YMh0W1BfNA8XSs6DLMGYlId5F3KnA70uu2qepcR08Qqg==
  dependencies:
    whatwg-url "^5.0.0"

once@^1.4.0:
  version "1.4.0"
  resolved "https://registry.yarnpkg.com/once/-/once-1.4.0.tgz#583b1aa775961d4b113ac17d9c50baef9dd76bd1"
  integrity sha512-lNaJgI+2Q5URQBkccEKHTQOPaXdUxnZZElQTZY0MFUAuaEqe1E+Nyvgdz/aIyNi6Z9MzO5dv1H8n58/GELp3+w==
  dependencies:
    wrappy "1"

tr46@~0.0.3:
  version "0.0.3"
  resolved "https://registry.yarnpkg.com/tr46/-/tr46-0.0.3.tgz#8184fd347dac9cdc185992f3a6622e14b9d9ab6a"
  integrity sha512-N3WMsuqV66lT30CrXNbEjx4GEwlow3v6rr4mCcv6prnfwhS01rkgyFdjPNBYd9br7LpXV1+Emh01fHnq2Gdgrw==

typescript@^5.0.4:
  version "5.0.4"
  resolved "https://registry.yarnpkg.com/typescript/-/typescript-5.0.4.tgz#b217fd20119bd61a94d4011274e0ab369058da3b"
  integrity sha512-cW9T5W9xY37cc+jfEnaUvX91foxtHkza3Nw3wkoF4sSlKn0MONdkdEndig/qPBWXNkmplh3NzayQzCiHM4/hqw==

universal-user-agent@^6.0.0:
  version "6.0.0"
  resolved "https://registry.yarnpkg.com/universal-user-agent/-/universal-user-agent-6.0.0.tgz#3381f8503b251c0d9cd21bc1de939ec9df5480ee"
  integrity sha512-isyNax3wXoKaulPDZWHQqbmIx1k2tb9fb3GGDBRxCscfYV2Ch7WxPArBsFEG8s/safwXTT7H4QGhaIkTp9447w==

webidl-conversions@^3.0.0:
  version "3.0.1"
  resolved "https://registry.yarnpkg.com/webidl-conversions/-/webidl-conversions-3.0.1.tgz#24534275e2a7bc6be7bc86611cc16ae0a5654871"
  integrity sha512-2JAn3z8AR6rjK8Sm8orRC0h/bcl/DqL7tRPdGZ4I1CjdF+EaMLmYxBHyXuKL849eucPFhvBoxMsflfOb8kxaeQ==

whatwg-url@^5.0.0:
  version "5.0.0"
  resolved "https://registry.yarnpkg.com/whatwg-url/-/whatwg-url-5.0.0.tgz#966454e8765462e37644d3626f6742ce8b70965d"
  integrity sha512-saE57nupxk6v3HY35+jzBwYa0rKSy0XR8JSxZPwgLr7ys0IBzhGviA1/TUGJLmSVqs8pb9AnvICXEuOHLprYTw==
  dependencies:
    tr46 "~0.0.3"
    webidl-conversions "^3.0.0"

wrappy@1:
  version "1.0.2"
  resolved "https://registry.yarnpkg.com/wrappy/-/wrappy-1.0.2.tgz#b5243d8f3ec1aa35f1364605bc0d1036e30ab69f"
  integrity sha512-l4Sp/DRseor9wL6EvV2+TuQn63dMkPjZ/sp9XkghTEbV9KlPS1xUsZ3u7/IQO4wxtcFB4bgpQPRcR3QCvezPcQ==
